
Microsoft Visual Studio Solution File, Format Version 11.00
# Visual Studio 2010
Project("{FAE04EC0-301F-11D3-BF4B-00C04F79EFBC}") = "NaughtyAttributes.Test", "NaughtyAttributes.Test.csproj", "{7c6f940d-8d90-62e5-64b9-a3cfd4a2a2af}"
EndProject
Project("{FAE04EC0-301F-11D3-BF4B-00C04F79EFBC}") = "Assembly-CSharp", "Assembly-CSharp.csproj", "{d2bc9389-7f53-a081-a585-8935eebf673a}"
EndProject
Project("{FAE04EC0-301F-11D3-BF4B-00C04F79EFBC}") = "NaughtyAttributes.Core", "NaughtyAttributes.Core.csproj", "{35df6813-fac1-2dd3-ad1f-54404b3348f0}"
EndProject
Project("{FAE04EC0-301F-11D3-BF4B-00C04F79EFBC}") = "NaughtyAttributes.Editor", "NaughtyAttributes.Editor.csproj", "{5d00f372-150e-cd2d-b3f2-b3ae6306e6c1}"
EndProject
Global
	GlobalSection(SolutionConfigurationPlatforms) = preSolution
		Debug|Any CPU = Debug|Any CPU
	EndGlobalSection
	GlobalSection(ProjectConfigurationPlatforms) = postSolution
		{7c6f940d-8d90-62e5-64b9-a3cfd4a2a2af}.Debug|Any CPU.ActiveCfg = Debug|Any CPU
		{7c6f940d-8d90-62e5-64b9-a3cfd4a2a2af}.Debug|Any CPU.Build.0 = Debug|Any CPU
		{d2bc9389-7f53-a081-a585-8935eebf673a}.Debug|Any CPU.ActiveCfg = Debug|Any CPU
		{d2bc9389-7f53-a081-a585-8935eebf673a}.Debug|Any CPU.Build.0 = Debug|Any CPU
		{35df6813-fac1-2dd3-ad1f-54404b3348f0}.Debug|Any CPU.ActiveCfg = Debug|Any CPU
		{35df6813-fac1-2dd3-ad1f-54404b3348f0}.Debug|Any CPU.Build.0 = Debug|Any CPU
		{5d00f372-150e-cd2d-b3f2-b3ae6306e6c1}.Debug|Any CPU.ActiveCfg = Debug|Any CPU
		{5d00f372-150e-cd2d-b3f2-b3ae6306e6c1}.Debug|Any CPU.Build.0 = Debug|Any CPU
	EndGlobalSection
	GlobalSection(SolutionProperties) = preSolution
		HideSolutionNode = FALSE
	EndGlobalSection
EndGlobal
